
Microsoft Visual Studio Solution File, Format Version 12.00
# Visual Studio Version 17
VisualStudioVersion = 17.9.34728.123
MinimumVisualStudioVersion = 10.0.40219.1
Project("{9A19103F-16F7-4668-BE54-9A1E7A4F7556}") = "StudentManager.Server", "StudentManager.Server\StudentManager.Server.csproj", "{64663E93-B36D-43E4-800A-A050D56407F5}"
EndProject
Project("{9A19103F-16F7-4668-BE54-9A1E7A4F7556}") = "SharedLibrary", "SharedLibrary\SharedLibrary.csproj", "{DB19B345-0BFB-42C6-A02D-E0C473451E92}"
EndProject
Project("{9A19103F-16F7-4668-BE54-9A1E7A4F7556}") = "StudentManager.Client", "StudentManager.Client\StudentManager.Client.csproj", "{C392DADE-F564-400C-B6A5-BCFC65E45740}"
EndProject
Project("{9A19103F-16F7-4668-BE54-9A1E7A4F7556}") = "AuthLibrary", "..\..\AuthLibrary\AuthLibrary\AuthLibrary\AuthLibrary.csproj", "{747D994E-9C20-4F6E-8519-CCDA06F7C3D5}"
EndProject
Global
	GlobalSection(SolutionConfigurationPlatforms) = preSolution
		Debug|Any CPU = Debug|Any CPU
		Release|Any CPU = Release|Any CPU
	EndGlobalSection
	GlobalSection(ProjectConfigurationPlatforms) = postSolution
		{64663E93-B36D-43E4-800A-A050D56407F5}.Debug|Any CPU.ActiveCfg = Debug|Any CPU
		{64663E93-B36D-43E4-800A-A050D56407F5}.Debug|Any CPU.Build.0 = Debug|Any CPU
		{64663E93-B36D-43E4-800A-A050D56407F5}.Release|Any CPU.ActiveCfg = Release|Any CPU
		{64663E93-B36D-43E4-800A-A050D56407F5}.Release|Any CPU.Build.0 = Release|Any CPU
		{DB19B345-0BFB-42C6-A02D-E0C473451E92}.Debug|Any CPU.ActiveCfg = Debug|Any CPU
		{DB19B345-0BFB-42C6-A02D-E0C473451E92}.Debug|Any CPU.Build.0 = Debug|Any CPU
		{DB19B345-0BFB-42C6-A02D-E0C473451E92}.Release|Any CPU.ActiveCfg = Release|Any CPU
		{DB19B345-0BFB-42C6-A02D-E0C473451E92}.Release|Any CPU.Build.0 = Release|Any CPU
		{C392DADE-F564-400C-B6A5-BCFC65E45740}.Debug|Any CPU.ActiveCfg = Debug|Any CPU
		{C392DADE-F564-400C-B6A5-BCFC65E45740}.Debug|Any CPU.Build.0 = Debug|Any CPU
		{C392DADE-F564-400C-B6A5-BCFC65E45740}.Release|Any CPU.ActiveCfg = Release|Any CPU
		{C392DADE-F564-400C-B6A5-BCFC65E45740}.Release|Any CPU.Build.0 = Release|Any CPU
		{747D994E-9C20-4F6E-8519-CCDA06F7C3D5}.Debug|Any CPU.ActiveCfg = Debug|Any CPU
		{747D994E-9C20-4F6E-8519-CCDA06F7C3D5}.Debug|Any CPU.Build.0 = Debug|Any CPU
		{747D994E-9C20-4F6E-8519-CCDA06F7C3D5}.Release|Any CPU.ActiveCfg = Release|Any CPU
		{747D994E-9C20-4F6E-8519-CCDA06F7C3D5}.Release|Any CPU.Build.0 = Release|Any CPU
	EndGlobalSection
	GlobalSection(SolutionProperties) = preSolution
		HideSolutionNode = FALSE
	EndGlobalSection
	GlobalSection(ExtensibilityGlobals) = postSolution
		SolutionGuid = {25456A9F-C1BD-4080-B8F2-F6AEA794DA8E}
	EndGlobalSection
EndGlobal
